
Microsoft Visual Studio Solution File, Format Version 12.00
# Visual Studio Version 17
VisualStudioVersion = 17.3.32901.215
MinimumVisualStudioVersion = 10.0.40219.1
Project("{FAE04EC0-301F-11D3-BF4B-00C04F79EFBC}") = "SalesWebMvc", "SalesWebMvc\SalesWebMvc.csproj", "{3000ECFF-BC48-485F-A78E-03D124B9EF94}"
EndProject
Global
	GlobalSection(SolutionConfigurationPlatforms) = preSolution
		Debug|Any CPU = Debug|Any CPU
		Release|Any CPU = Release|Any CPU
	EndGlobalSection
	GlobalSection(ProjectConfigurationPlatforms) = postSolution
		{3000ECFF-BC48-485F-A78E-03D124B9EF94}.Debug|Any CPU.ActiveCfg = Debug|Any CPU
		{3000ECFF-BC48-485F-A78E-03D124B9EF94}.Debug|Any CPU.Build.0 = Debug|Any CPU
		{3000ECFF-BC48-485F-A78E-03D124B9EF94}.Release|Any CPU.ActiveCfg = Release|Any CPU
		{3000ECFF-BC48-485F-A78E-03D124B9EF94}.Release|Any CPU.Build.0 = Release|Any CPU
	EndGlobalSection
	GlobalSection(SolutionProperties) = preSolution
		HideSolutionNode = FALSE
	EndGlobalSection
	GlobalSection(ExtensibilityGlobals) = postSolution
		SolutionGuid = {6203EEAC-F115-48EC-850B-403BAC5C3390}
	EndGlobalSection
EndGlobal
